PODS:
  - agora_rtc_engine (6.2.4):
    - AgoraIrisRTC_iOS (= 4.2.3-build.4)
    - AgoraRtcEngine_iOS (= 4.2.3)
    - Flutter
  - AgoraIrisRTC_iOS (4.2.3-build.4)
  - AgoraRtcEngine_iOS (4.2.3):
    - AgoraRtcEngine_iOS/AIAEC (= 4.2.3)
    - AgoraRtcEngine_iOS/AINS (= 4.2.3)
    - AgoraRtcEngine_iOS/AudioBeauty (= 4.2.3)
    - AgoraRtcEngine_iOS/ClearVision (= 4.2.3)
    - AgoraRtcEngine_iOS/ContentInspect (= 4.2.3)
    - AgoraRtcEngine_iOS/DRM (= 4.2.3)
    - AgoraRtcEngine_iOS/FaceDetection (= 4.2.3)
    - AgoraRtcEngine_iOS/ReplayKit (= 4.2.3)
    - AgoraRtcEngine_iOS/RtcBasic (= 4.2.3)
    - AgoraRtcEngine_iOS/SpatialAudio (= 4.2.3)
    - AgoraRtcEngine_iOS/VideoCodecDec (= 4.2.3)
    - AgoraRtcEngine_iOS/VideoCodecEnc (= 4.2.3)
    - AgoraRtcEngine_iOS/VirtualBackground (= 4.2.3)
    - AgoraRtcEngine_iOS/VQA (= 4.2.3)
  - AgoraRtcEngine_iOS/AIAEC (4.2.3)
  - AgoraRtcEngine_iOS/AINS (4.2.3)
  - AgoraRtcEngine_iOS/AudioBeauty (4.2.3)
  - AgoraRtcEngine_iOS/ClearVision (4.2.3)
  - AgoraRtcEngine_iOS/ContentInspect (4.2.3)
  - AgoraRtcEngine_iOS/DRM (4.2.3)
  - AgoraRtcEngine_iOS/FaceDetection (4.2.3)
  - AgoraRtcEngine_iOS/ReplayKit (4.2.3)
  - AgoraRtcEngine_iOS/RtcBasic (4.2.3)
  - AgoraRtcEngine_iOS/SpatialAudio (4.2.3)
  - AgoraRtcEngine_iOS/VideoCodecDec (4.2.3)
  - AgoraRtcEngine_iOS/VideoCodecEnc (4.2.3)
  - AgoraRtcEngine_iOS/VirtualBackground (4.2.3)
  - AgoraRtcEngine_iOS/VQA (4.2.3)
  - camera_avfoundation (0.0.1):
    - Flutter
  - Flutter (1.0.0)
  - iris_method_channel (0.0.1):
    - Flutter
  - permission_handler_apple (9.1.1):
    - Flutter

DEPENDENCIES:
  - agora_rtc_engine (from `.symlinks/plugins/agora_rtc_engine/ios`)
  - camera_avfoundation (from `.symlinks/plugins/camera_avfoundation/ios`)
  - Flutter (from `Flutter`)
  - iris_method_channel (from `.symlinks/plugins/iris_method_channel/ios`)
  - permission_handler_apple (from `.symlinks/plugins/permission_handler_apple/ios`)

SPEC REPOS:
  trunk:
    - AgoraIrisRTC_iOS
    - AgoraRtcEngine_iOS

EXTERNAL SOURCES:
  agora_rtc_engine:
    :path: ".symlinks/plugins/agora_rtc_engine/ios"
  camera_avfoundation:
    :path: ".symlinks/plugins/camera_avfoundation/ios"
  Flutter:
    :path: Flutter
  iris_method_channel:
    :path: ".symlinks/plugins/iris_method_channel/ios"
  permission_handler_apple:
    :path: ".symlinks/plugins/permission_handler_apple/ios"

SPEC CHECKSUMS:
  agora_rtc_engine: fb9292d3b1eec2df31a47a2f435937e57e724648
  AgoraIrisRTC_iOS: 84ae4f5824d68480d1215cbdd8db261549a7c94e
  AgoraRtcEngine_iOS: eb0a7e87dbc9e818b267d413b48f76a57959e6f4
  camera_avfoundation: 759172d1a77ae7be0de08fc104cfb79738b8a59e
  Flutter: e0871f40cf51350855a761d2e70bf5af5b9b5de7
  iris_method_channel: 0617c689164d8154c020c50f63ca79f92b8a7b9d
  permission_handler_apple: e76247795d700c14ea09e3a2d8855d41ee80a2e6

PODFILE CHECKSUM: 819463e6a0290f5a72f145ba7cde16e8b6ef0796

COCOAPODS: 1.14.3
